
Microsoft Visual Studio Solution File, Format Version 12.00
# Visual Studio Version 17
VisualStudioVersion = 17.14.36804.6 d17.14
MinimumVisualStudioVersion = 10.0.40219.1
Project("{FAE04EC0-301F-11D3-BF4B-00C04F79EFBC}") = "Starfield Load Order Keeper", "Starfield Load Order Keeper.csproj", "{38932507-3FA1-4855-9FCF-EAE345CA1DBA}"
EndProject
Global
	GlobalSection(SolutionConfigurationPlatforms) = preSolution
		Debug|Any CPU = Debug|Any CPU
		Release|Any CPU = Release|Any CPU
	EndGlobalSection
	GlobalSection(ProjectConfigurationPlatforms) = postSolution
		{38932507-3FA1-4855-9FCF-EAE345CA1DBA}.Debug|Any CPU.ActiveCfg = Debug|Any CPU
		{38932507-3FA1-4855-9FCF-EAE345CA1DBA}.Debug|Any CPU.Build.0 = Debug|Any CPU
		{38932507-3FA1-4855-9FCF-EAE345CA1DBA}.Release|Any CPU.ActiveCfg = Release|Any CPU
		{38932507-3FA1-4855-9FCF-EAE345CA1DBA}.Release|Any CPU.Build.0 = Release|Any CPU
	EndGlobalSection
	GlobalSection(SolutionProperties) = preSolution
		HideSolutionNode = FALSE
	EndGlobalSection
	GlobalSection(ExtensibilityGlobals) = postSolution
		SolutionGuid = {3F29485D-DB29-4105-8C84-44E89EE4059F}
	EndGlobalSection
EndGlobal
